// !$*UTF8*$!
{
	archiveVersion = 1;
	classes = {
	};
	objectVersion = 55;
	objects = {

/* Begin PBXBuildFile section */
		23C15FFDB6047995502D776D /* Pods_weather_issy_weather_issyUITests.framework in Frameworks */ = {isa = PBXBuildFile; fileRef = A199AA77566D43B2E2F2027A /* Pods_weather_issy_weather_issyUITests.framework */; };
		69C3D246BF0954E9B1F32BFF /* Pods_weather_issyTests.framework in Frameworks */ = {isa = PBXBuildFile; fileRef = 4831982798A73C0E34BEE6DE /* Pods_weather_issyTests.framework */; };
		89EBFAEABE7AFE3A3770FCC7 /* Pods_weather_issy.framework in Frameworks */ = {isa = PBXBuildFile; fileRef = 52408687EADDB902AD0DF716 /* Pods_weather_issy.framework */; };
		DF7485052839C14800B885A6 /* AppDelegate.swift in Sources */ = {isa = PBXBuildFile; fileRef = DF7485042839C14800B885A6 /* AppDelegate.swift */; };
		DF7485072839C14800B885A6 /* SceneDelegate.swift in Sources */ = {isa = PBXBuildFile; fileRef = DF7485062839C14800B885A6 /* SceneDelegate.swift */; };
		DF7485092839C14800B885A6 /* ViewController.swift in Sources */ = {isa = PBXBuildFile; fileRef = DF7485082839C14800B885A6 /* ViewController.swift */; };
		DF74850C2839C14800B885A6 /* Main.storyboard in Resources */ = {isa = PBXBuildFile; fileRef = DF74850A2839C14800B885A6 /* Main.storyboard */; };
		DF74850E2839C14900B885A6 /* Assets.xcassets in Resources */ = {isa = PBXBuildFile; fileRef = DF74850D2839C14900B885A6 /* Assets.xcassets */; };
		DF7485112839C14900B885A6 /* LaunchScreen.storyboard in Resources */ = {isa = PBXBuildFile; fileRef = DF74850F2839C14900B885A6 /* LaunchScreen.storyboard */; };
		DF74851C2839C14900B885A6 /* weather_issyTests.swift in Sources */ = {isa = PBXBuildFile; fileRef = DF74851B2839C14900B885A6 /* weather_issyTests.swift */; };
		DF7485262839C14900B885A6 /* weather_issyUITests.swift in Sources */ = {isa = PBXBuildFile; fileRef = DF7485252839C14900B885A6 /* weather_issyUITests.swift */; };
		DF7485282839C14900B885A6 /* weather_issyUITestsLaunchTests.swift in Sources */ = {isa = PBXBuildFile; fileRef = DF7485272839C14900B885A6 /* weather_issyUITestsLaunchTests.swift */; };
		DF7485392839CAD500B885A6 /* MainModel.swift in Sources */ = {isa = PBXBuildFile; fileRef = DF7485382839CAD500B885A6 /* MainModel.swift */; };
		DF74853B2839D16200B885A6 /* WindModel.swift in Sources */ = {isa = PBXBuildFile; fileRef = DF74853A2839D16200B885A6 /* WindModel.swift */; };
		DF74853D2839D1F800B885A6 /* WeatherModel.swift in Sources */ = {isa = PBXBuildFile; fileRef = DF74853C2839D1F800B885A6 /* WeatherModel.swift */; };
		DF74853F2839D2BC00B885A6 /* CloudsModel.swift in Sources */ = {isa = PBXBuildFile; fileRef = DF74853E2839D2BC00B885A6 /* CloudsModel.swift */; };
/* End PBXBuildFile section */

/* Begin PBXContainerItemProxy section */
		DF7485182839C14900B885A6 /* PBXContainerItemProxy */ = {
			isa = PBXContainerItemProxy;
			containerPortal = DF7484F92839C14800B885A6 /* Project object */;
			proxyType = 1;
			remoteGlobalIDString = DF7485002839C14800B885A6;
			remoteInfo = "weather issy";
		};
		DF7485222839C14900B885A6 /* PBXContainerItemProxy */ = {
			isa = PBXContainerItemProxy;
			containerPortal = DF7484F92839C14800B885A6 /* Project object */;
			proxyType = 1;
			remoteGlobalIDString = DF7485002839C14800B885A6;
			remoteInfo = "weather issy";
		};
/* End PBXContainerItemProxy section */

/* Begin PBXFileReference section */
		012027252EF20E8D7A5AF6A9 /* Pods-weather issyTests.debug.xcconfig */ = {isa = PBXFileReference; includeInIndex = 1; lastKnownFileType = text.xcconfig; name = "Pods-weather issyTests.debug.xcconfig"; path = "Target Support Files/Pods-weather issyTests/Pods-weather issyTests.debug.xcconfig"; sourceTree = "<group>"; };
		234B6C186CD8B51C60795615 /* Pods-weather issy.debug.xcconfig */ = {isa = PBXFileReference; includeInIndex = 1; lastKnownFileType = text.xcconfig; name = "Pods-weather issy.debug.xcconfig"; path = "Target Support Files/Pods-weather issy/Pods-weather issy.debug.xcconfig"; sourceTree = "<group>"; };
		253C46B63A99140D22459B85 /* Pods-weather issy-weather issyUITests.debug.xcconfig */ = {isa = PBXFileReference; includeInIndex = 1; lastKnownFileType = text.xcconfig; name = "Pods-weather issy-weather issyUITests.debug.xcconfig"; path = "Target Support Files/Pods-weather issy-weather issyUITests/Pods-weather issy-weather issyUITests.debug.xcconfig"; sourceTree = "<group>"; };
		4831982798A73C0E34BEE6DE /* Pods_weather_issyTests.framework */ = {isa = PBXFileReference; explicitFileType = wrapper.framework; includeInIndex = 0; path = Pods_weather_issyTests.framework; sourceTree = BUILT_PRODUCTS_DIR; };
		52408687EADDB902AD0DF716 /* Pods_weather_issy.framework */ = {isa = PBXFileReference; explicitFileType = wrapper.framework; includeInIndex = 0; path = Pods_weather_issy.framework; sourceTree = BUILT_PRODUCTS_DIR; };
		A199AA77566D43B2E2F2027A /* Pods_weather_issy_weather_issyUITests.framework */ = {isa = PBXFileReference; explicitFileType = wrapper.framework; includeInIndex = 0; path = Pods_weather_issy_weather_issyUITests.framework; sourceTree = BUILT_PRODUCTS_DIR; };
		BD863E6ECF2E303950CC5C5D /* Pods-weather issy-weather issyUITests.release.xcconfig */ = {isa = PBXFileReference; includeInIndex = 1; lastKnownFileType = text.xcconfig; name = "Pods-weather issy-weather issyUITests.release.xcconfig"; path = "Target Support Files/Pods-weather issy-weather issyUITests/Pods-weather issy-weather issyUITests.release.xcconfig"; sourceTree = "<group>"; };
		DF7485012839C14800B885A6 /* weather issy.app */ = {isa = PBXFileReference; explicitFileType = wrapper.application; includeInIndex = 0; path = "weather issy.app"; sourceTree = BUILT_PRODUCTS_DIR; };
		DF7485042839C14800B885A6 /* AppDelegate.swift */ = {isa = PBXFileReference; lastKnownFileType = sourcecode.swift; path = AppDelegate.swift; sourceTree = "<group>"; };
		DF7485062839C14800B885A6 /* SceneDelegate.swift */ = {isa = PBXFileReference; lastKnownFileType = sourcecode.swift; path = SceneDelegate.swift; sourceTree = "<group>"; };
		DF7485082839C14800B885A6 /* ViewController.swift */ = {isa = PBXFileReference; lastKnownFileType = sourcecode.swift; path = ViewController.swift; sourceTree = "<group>"; };
		DF74850B2839C14800B885A6 /* Base */ = {isa = PBXFileReference; lastKnownFileType = file.storyboard; name = Base; path = Base.lproj/Main.storyboard; sourceTree = "<group>"; };
		DF74850D2839C14900B885A6 /* Assets.xcassets */ = {isa = PBXFileReference; lastKnownFileType = folder.assetcatalog; path = Assets.xcassets; sourceTree = "<group>"; };
		DF7485102839C14900B885A6 /* Base */ = {isa = PBXFileReference; lastKnownFileType = file.storyboard; name = Base; path = Base.lproj/LaunchScreen.storyboard; sourceTree = "<group>"; };
		DF7485122839C14900B885A6 /* Info.plist */ = {isa = PBXFileReference; lastKnownFileType = text.plist.xml; path = Info.plist; sourceTree = "<group>"; };
		DF7485172839C14900B885A6 /* weather issyTests.xctest */ = {isa = PBXFileReference; explicitFileType = wrapper.cfbundle; includeInIndex = 0; path = "weather issyTests.xctest"; sourceTree = BUILT_PRODUCTS_DIR; };
		DF74851B2839C14900B885A6 /* weather_issyTests.swift */ = {isa = PBXFileReference; lastKnownFileType = sourcecode.swift; path = weather_issyTests.swift; sourceTree = "<group>"; };
		DF7485212839C14900B885A6 /* weather issyUITests.xctest */ = {isa = PBXFileReference; explicitFileType = wrapper.cfbundle; includeInIndex = 0; path = "weather issyUITests.xctest"; sourceTree = BUILT_PRODUCTS_DIR; };
		DF7485252839C14900B885A6 /* weather_issyUITests.swift */ = {isa = PBXFileReference; lastKnownFileType = sourcecode.swift; path = weather_issyUITests.swift; sourceTree = "<group>"; };
		DF7485272839C14900B885A6 /* weather_issyUITestsLaunchTests.swift */ = {isa = PBXFileReference; lastKnownFileType = sourcecode.swift; path = weather_issyUITestsLaunchTests.swift; sourceTree = "<group>"; };
		DF7485382839CAD500B885A6 /* MainModel.swift */ = {isa = PBXFileReference; lastKnownFileType = sourcecode.swift; path = MainModel.swift; sourceTree = "<group>"; };
		DF74853A2839D16200B885A6 /* WindModel.swift */ = {isa = PBXFileReference; lastKnownFileType = sourcecode.swift; path = WindModel.swift; sourceTree = "<group>"; };
		DF74853C2839D1F800B885A6 /* WeatherModel.swift */ = {isa = PBXFileReference; lastKnownFileType = sourcecode.swift; path = WeatherModel.swift; sourceTree = "<group>"; };
		DF74853E2839D2BC00B885A6 /* CloudsModel.swift */ = {isa = PBXFileReference; lastKnownFileType = sourcecode.swift; path = CloudsModel.swift; sourceTree = "<group>"; };
		F7C67FD6750F2BE59AABF08D /* Pods-weather issyTests.release.xcconfig */ = {isa = PBXFileReference; includeInIndex = 1; lastKnownFileType = text.xcconfig; name = "Pods-weather issyTests.release.xcconfig"; path = "Target Support Files/Pods-weather issyTests/Pods-weather issyTests.release.xcconfig"; sourceTree = "<group>"; };
		FF42D1EE5152AA94FDD836FD /* Pods-weather issy.release.xcconfig */ = {isa = PBXFileReference; includeInIndex = 1; lastKnownFileType = text.xcconfig; name = "Pods-weather issy.release.xcconfig"; path = "Target Support Files/Pods-weather issy/Pods-weather issy.release.xcconfig"; sourceTree = "<group>"; };
/* End PBXFileReference section */

/* Begin PBXFrameworksBuildPhase section */
		DF7484FE2839C14800B885A6 /* Frameworks */ = {
			isa = PBXFrameworksBuildPhase;
			buildActionMask = 2147483647;
			files = (
				89EBFAEABE7AFE3A3770FCC7 /* Pods_weather_issy.framework in Frameworks */,
			);
			runOnlyForDeploymentPostprocessing = 0;
		};
		DF7485142839C14900B885A6 /* Frameworks */ = {
			isa = PBXFrameworksBuildPhase;
			buildActionMask = 2147483647;
			files = (
				69C3D246BF0954E9B1F32BFF /* Pods_weather_issyTests.framework in Frameworks */,
			);
			runOnlyForDeploymentPostprocessing = 0;
		};
		DF74851E2839C14900B885A6 /* Frameworks */ = {
			isa = PBXFrameworksBuildPhase;
			buildActionMask = 2147483647;
			files = (
				23C15FFDB6047995502D776D /* Pods_weather_issy_weather_issyUITests.framework in Frameworks */,
			);
			runOnlyForDeploymentPostprocessing = 0;
		};
/* End PBXFrameworksBuildPhase section */

/* Begin PBXGroup section */
		1903FD83107A221FA6D9AA74 /* Pods */ = {
			isa = PBXGroup;
			children = (
				234B6C186CD8B51C60795615 /* Pods-weather issy.debug.xcconfig */,
				FF42D1EE5152AA94FDD836FD /* Pods-weather issy.release.xcconfig */,
				253C46B63A99140D22459B85 /* Pods-weather issy-weather issyUITests.debug.xcconfig */,
				BD863E6ECF2E303950CC5C5D /* Pods-weather issy-weather issyUITests.release.xcconfig */,
				012027252EF20E8D7A5AF6A9 /* Pods-weather issyTests.debug.xcconfig */,
				F7C67FD6750F2BE59AABF08D /* Pods-weather issyTests.release.xcconfig */,
			);
			name = Pods;
			path = Pods;
			sourceTree = "<group>";
		};
		C0A5F3C86DC86C4F39EAB104 /* Frameworks */ = {
			isa = PBXGroup;
			children = (
				52408687EADDB902AD0DF716 /* Pods_weather_issy.framework */,
				A199AA77566D43B2E2F2027A /* Pods_weather_issy_weather_issyUITests.framework */,
				4831982798A73C0E34BEE6DE /* Pods_weather_issyTests.framework */,
			);
			name = Frameworks;
			sourceTree = "<group>";
		};
		DF7484F82839C14800B885A6 = {
			isa = PBXGroup;
			children = (
				DF7485032839C14800B885A6 /* weather issy */,
				DF74851A2839C14900B885A6 /* weather issyTests */,
				DF7485242839C14900B885A6 /* weather issyUITests */,
				DF7485022839C14800B885A6 /* Products */,
				1903FD83107A221FA6D9AA74 /* Pods */,
				C0A5F3C86DC86C4F39EAB104 /* Frameworks */,
			);
			sourceTree = "<group>";
		};
		DF7485022839C14800B885A6 /* Products */ = {
			isa = PBXGroup;
			children = (
				DF7485012839C14800B885A6 /* weather issy.app */,
				DF7485172839C14900B885A6 /* weather issyTests.xctest */,
				DF7485212839C14900B885A6 /* weather issyUITests.xctest */,
			);
			name = Products;
			sourceTree = "<group>";
		};
		DF7485032839C14800B885A6 /* weather issy */ = {
			isa = PBXGroup;
			children = (
				DF7485372839C96B00B885A6 /* Controllers */,
				DF7485362839C96300B885A6 /* ViewModel */,
				DF7485352839C95800B885A6 /* Models */,
				DF7485342839C95000B885A6 /* API Manager */,
				DF7485042839C14800B885A6 /* AppDelegate.swift */,
				DF7485062839C14800B885A6 /* SceneDelegate.swift */,
				DF74850A2839C14800B885A6 /* Main.storyboard */,
				DF74850D2839C14900B885A6 /* Assets.xcassets */,
				DF74850F2839C14900B885A6 /* LaunchScreen.storyboard */,
				DF7485122839C14900B885A6 /* Info.plist */,
			);
			path = "weather issy";
			sourceTree = "<group>";
		};
		DF74851A2839C14900B885A6 /* weather issyTests */ = {
			isa = PBXGroup;
			children = (
				DF74851B2839C14900B885A6 /* weather_issyTests.swift */,
			);
			path = "weather issyTests";
			sourceTree = "<group>";
		};
		DF7485242839C14900B885A6 /* weather issyUITests */ = {
			isa = PBXGroup;
			children = (
				DF7485252839C14900B885A6 /* weather_issyUITests.swift */,
				DF7485272839C14900B885A6 /* weather_issyUITestsLaunchTests.swift */,
			);
			path = "weather issyUITests";
			sourceTree = "<group>";
		};
		DF7485342839C95000B885A6 /* API Manager */ = {
			isa = PBXGroup;
			children = (
			);
			path = "API Manager";
			sourceTree = "<group>";
		};
		DF7485352839C95800B885A6 /* Models */ = {
			isa = PBXGroup;
			children = (
				DF7485382839CAD500B885A6 /* MainModel.swift */,
				DF74853A2839D16200B885A6 /* WindModel.swift */,
				DF74853C2839D1F800B885A6 /* WeatherModel.swift */,
				DF74853E2839D2BC00B885A6 /* CloudsModel.swift */,
			);
			path = Models;
			sourceTree = "<group>";
		};
		DF7485362839C96300B885A6 /* ViewModel */ = {
			isa = PBXGroup;
			children = (
			);
			path = ViewModel;
			sourceTree = "<group>";
		};
		DF7485372839C96B00B885A6 /* Controllers */ = {
			isa = PBXGroup;
			children = (
				DF7485082839C14800B885A6 /* ViewController.swift */,
			);
			path = Controllers;
			sourceTree = "<group>";
		};
/* End PBXGroup section */

/* Begin PBXNativeTarget section */
		DF7485002839C14800B885A6 /* weather issy */ = {
			isa = PBXNativeTarget;
			buildConfigurationList = DF74852B2839C14900B885A6 /* Build configuration list for PBXNativeTarget "weather issy" */;
			buildPhases = (
				76A15C094401C30B9C1B4D35 /* [CP] Check Pods Manifest.lock */,
				DF7484FD2839C14800B885A6 /* Sources */,
				DF7484FE2839C14800B885A6 /* Frameworks */,
				DF7484FF2839C14800B885A6 /* Resources */,
				CD4E05117B87716F146A9498 /* [CP] Embed Pods Frameworks */,
			);
			buildRules = (
			);
			dependencies = (
			);
			name = "weather issy";
			productName = "weather issy";
			productReference = DF7485012839C14800B885A6 /* weather issy.app */;
			productType = "com.apple.product-type.application";
		};
		DF7485162839C14900B885A6 /* weather issyTests */ = {
			isa = PBXNativeTarget;
			buildConfigurationList = DF74852E2839C14900B885A6 /* Build configuration list for PBXNativeTarget "weather issyTests" */;
			buildPhases = (
				A75091F138977F5FFF097EF3 /* [CP] Check Pods Manifest.lock */,
				DF7485132839C14900B885A6 /* Sources */,
				DF7485142839C14900B885A6 /* Frameworks */,
				DF7485152839C14900B885A6 /* Resources */,
			);
			buildRules = (
			);
			dependencies = (
				DF7485192839C14900B885A6 /* PBXTargetDependency */,
			);
			name = "weather issyTests";
			productName = "weather issyTests";
			productReference = DF7485172839C14900B885A6 /* weather issyTests.xctest */;
			productType = "com.apple.product-type.bundle.unit-test";
		};
		DF7485202839C14900B885A6 /* weather issyUITests */ = {
			isa = PBXNativeTarget;
			buildConfigurationList = DF7485312839C14900B885A6 /* Build configuration list for PBXNativeTarget "weather issyUITests" */;
			buildPhases = (
				473FE5220ADC55D31E19FD2A /* [CP] Check Pods Manifest.lock */,
				DF74851D2839C14900B885A6 /* Sources */,
				DF74851E2839C14900B885A6 /* Frameworks */,
				DF74851F2839C14900B885A6 /* Resources */,
				0D862B9C0CA2FD8A8BF58B55 /* [CP] Embed Pods Frameworks */,
			);
			buildRules = (
			);
			dependencies = (
				DF7485232839C14900B885A6 /* PBXTargetDependency */,
			);
			name = "weather issyUITests";
			productName = "weather issyUITests";
			productReference = DF7485212839C14900B885A6 /* weather issyUITests.xctest */;
			productType = "com.apple.product-type.bundle.ui-testing";
		};
/* End PBXNativeTarget section */

/* Begin PBXProject section */
		DF7484F92839C14800B885A6 /* Project object */ = {
			isa = PBXProject;
			attributes = {
				BuildIndependentTargetsInParallel = 1;
				LastSwiftUpdateCheck = 1330;
				LastUpgradeCheck = 1330;
				TargetAttributes = {
					DF7485002839C14800B885A6 = {
						CreatedOnToolsVersion = 13.3.1;
					};
					DF7485162839C14900B885A6 = {
						CreatedOnToolsVersion = 13.3.1;
						TestTargetID = DF7485002839C14800B885A6;
					};
					DF7485202839C14900B885A6 = {
						CreatedOnToolsVersion = 13.3.1;
						TestTargetID = DF7485002839C14800B885A6;
					};
				};
			};
			buildConfigurationList = DF7484FC2839C14800B885A6 /* Build configuration list for PBXProject "weather issy" */;
			compatibilityVersion = "Xcode 13.0";
			developmentRegion = en;
			hasScannedForEncodings = 0;
			knownRegions = (
				en,
				Base,
			);
			mainGroup = DF7484F82839C14800B885A6;
			productRefGroup = DF7485022839C14800B885A6 /* Products */;
			projectDirPath = "";
			projectRoot = "";
			targets = (
				DF7485002839C14800B885A6 /* weather issy */,
				DF7485162839C14900B885A6 /* weather issyTests */,
				DF7485202839C14900B885A6 /* weather issyUITests */,
			);
		};
/* End PBXProject section */

/* Begin PBXResourcesBuildPhase section */
		DF7484FF2839C14800B885A6 /* Resources */ = {
			isa = PBXResourcesBuildPhase;
			buildActionMask = 2147483647;
			files = (
				DF7485112839C14900B885A6 /* LaunchScreen.storyboard in Resources */,
				DF74850E2839C14900B885A6 /* Assets.xcassets in Resources */,
				DF74850C2839C14800B885A6 /* Main.storyboard in Resources */,
			);
			runOnlyForDeploymentPostprocessing = 0;
		};
		DF7485152839C14900B885A6 /* Resources */ = {
			isa = PBXResourcesBuildPhase;
			buildActionMask = 2147483647;
			files = (
			);
			runOnlyForDeploymentPostprocessing = 0;
		};
		DF74851F2839C14900B885A6 /* Resources */ = {
			isa = PBXResourcesBuildPhase;
			buildActionMask = 2147483647;
			files = (
			);
			runOnlyForDeploymentPostprocessing = 0;
		};
/* End PBXResourcesBuildPhase section */

/* Begin PBXShellScriptBuildPhase section */
		0D862B9C0CA2FD8A8BF58B55 /* [CP] Embed Pods Frameworks */ = {
			isa = PBXShellScriptBuildPhase;
			buildActionMask = 2147483647;
			files = (
			);
			inputFileListPaths = (
				"${PODS_ROOT}/Target Support Files/Pods-weather issy-weather issyUITests/Pods-weather issy-weather issyUITests-frameworks-${CONFIGURATION}-input-files.xcfilelist",
			);
			name = "[CP] Embed Pods Frameworks";
			outputFileListPaths = (
				"${PODS_ROOT}/Target Support Files/Pods-weather issy-weather issyUITests/Pods-weather issy-weather issyUITests-frameworks-${CONFIGURATION}-output-files.xcfilelist",
			);
			runOnlyForDeploymentPostprocessing = 0;
			shellPath = /bin/sh;
			shellScript = "\"${PODS_ROOT}/Target Support Files/Pods-weather issy-weather issyUITests/Pods-weather issy-weather issyUITests-frameworks.sh\"\n";
			showEnvVarsInLog = 0;
		};
		473FE5220ADC55D31E19FD2A /* [CP] Check Pods Manifest.lock */ = {
			isa = PBXShellScriptBuildPhase;
			buildActionMask = 2147483647;
			files = (
			);
			inputFileListPaths = (
			);
			inputPaths = (
				"${PODS_PODFILE_DIR_PATH}/Podfile.lock",
				"${PODS_ROOT}/Manifest.lock",
			);
			name = "[CP] Check Pods Manifest.lock";
			outputFileListPaths = (
			);
			outputPaths = (
				"$(DERIVED_FILE_DIR)/Pods-weather issy-weather issyUITests-checkManifestLockResult.txt",
			);
			runOnlyForDeploymentPostprocessing = 0;
			shellPath = /bin/sh;
			shellScript = "diff \"${PODS_PODFILE_DIR_PATH}/Podfile.lock\" \"${PODS_ROOT}/Manifest.lock\" > /dev/null\nif [ $? != 0 ] ; then\n    # print error to STDERR\n    echo \"error: The sandbox is not in sync with the Podfile.lock. Run 'pod install' or update your CocoaPods installation.\" >&2\n    exit 1\nfi\n# This output is used by Xcode 'outputs' to avoid re-running this script phase.\necho \"SUCCESS\" > \"${SCRIPT_OUTPUT_FILE_0}\"\n";
			showEnvVarsInLog = 0;
		};
		76A15C094401C30B9C1B4D35 /* [CP] Check Pods Manifest.lock */ = {
			isa = PBXShellScriptBuildPhase;
			buildActionMask = 2147483647;
			files = (
			);
			inputFileListPaths = (
			);
			inputPaths = (
				"${PODS_PODFILE_DIR_PATH}/Podfile.lock",
				"${PODS_ROOT}/Manifest.lock",
			);
			name = "[CP] Check Pods Manifest.lock";
			outputFileListPaths = (
			);
			outputPaths = (
				"$(DERIVED_FILE_DIR)/Pods-weather issy-checkManifestLockResult.txt",
			);
			runOnlyForDeploymentPostprocessing = 0;
			shellPath = /bin/sh;
			shellScript = "diff \"${PODS_PODFILE_DIR_PATH}/Podfile.lock\" \"${PODS_ROOT}/Manifest.lock\" > /dev/null\nif [ $? != 0 ] ; then\n    # print error to STDERR\n    echo \"error: The sandbox is not in sync with the Podfile.lock. Run 'pod install' or update your CocoaPods installation.\" >&2\n    exit 1\nfi\n# This output is used by Xcode 'outputs' to avoid re-running this script phase.\necho \"SUCCESS\" > \"${SCRIPT_OUTPUT_FILE_0}\"\n";
			showEnvVarsInLog = 0;
		};
		A75091F138977F5FFF097EF3 /* [CP] Check Pods Manifest.lock */ = {
			isa = PBXShellScriptBuildPhase;
			buildActionMask = 2147483647;
			files = (
			);
			inputFileListPaths = (
			);
			inputPaths = (
				"${PODS_PODFILE_DIR_PATH}/Podfile.lock",
				"${PODS_ROOT}/Manifest.lock",
			);
			name = "[CP] Check Pods Manifest.lock";
			outputFileListPaths = (
			);
			outputPaths = (
				"$(DERIVED_FILE_DIR)/Pods-weather issyTests-checkManifestLockResult.txt",
			);
			runOnlyForDeploymentPostprocessing = 0;
			shellPath = /bin/sh;
			shellScript = "diff \"${PODS_PODFILE_DIR_PATH}/Podfile.lock\" \"${PODS_ROOT}/Manifest.lock\" > /dev/null\nif [ $? != 0 ] ; then\n    # print error to STDERR\n    echo \"error: The sandbox is not in sync with the Podfile.lock. Run 'pod install' or update your CocoaPods installation.\" >&2\n    exit 1\nfi\n# This output is used by Xcode 'outputs' to avoid re-running this script phase.\necho \"SUCCESS\" > \"${SCRIPT_OUTPUT_FILE_0}\"\n";
			showEnvVarsInLog = 0;
		};
		CD4E05117B87716F146A9498 /* [CP] Embed Pods Frameworks */ = {
			isa = PBXShellScriptBuildPhase;
			buildActionMask = 2147483647;
			files = (
			);
			inputFileListPaths = (
				"${PODS_ROOT}/Target Support Files/Pods-weather issy/Pods-weather issy-frameworks-${CONFIGURATION}-input-files.xcfilelist",
			);
			name = "[CP] Embed Pods Frameworks";
			outputFileListPaths = (
				"${PODS_ROOT}/Target Support Files/Pods-weather issy/Pods-weather issy-frameworks-${CONFIGURATION}-output-files.xcfilelist",
			);
			runOnlyForDeploymentPostprocessing = 0;
			shellPath = /bin/sh;
			shellScript = "\"${PODS_ROOT}/Target Support Files/Pods-weather issy/Pods-weather issy-frameworks.sh\"\n";
			showEnvVarsInLog = 0;
		};
/* End PBXShellScriptBuildPhase section */

/* Begin PBXSourcesBuildPhase section */
		DF7484FD2839C14800B885A6 /* Sources */ = {
			isa = PBXSourcesBuildPhase;
			buildActionMask = 2147483647;
			files = (
				DF74853F2839D2BC00B885A6 /* CloudsModel.swift in Sources */,
				DF74853B2839D16200B885A6 /* WindModel.swift in Sources */,
				DF7485392839CAD500B885A6 /* MainModel.swift in Sources */,
				DF7485092839C14800B885A6 /* ViewController.swift in Sources */,
				DF7485052839C14800B885A6 /* AppDelegate.swift in Sources */,
				DF74853D2839D1F800B885A6 /* WeatherModel.swift in Sources */,
				DF7485072839C14800B885A6 /* SceneDelegate.swift in Sources */,
			);
			runOnlyForDeploymentPostprocessing = 0;
		};
		DF7485132839C14900B885A6 /* Sources */ = {
			isa = PBXSourcesBuildPhase;
			buildActionMask = 2147483647;
			files = (
				DF74851C2839C14900B885A6 /* weather_issyTests.swift in Sources */,
			);
			runOnlyForDeploymentPostprocessing = 0;
		};
		DF74851D2839C14900B885A6 /* Sources */ = {
			isa = PBXSourcesBuildPhase;
			buildActionMask = 2147483647;
			files = (
				DF7485262839C14900B885A6 /* weather_issyUITests.swift in Sources */,
				DF7485282839C14900B885A6 /* weather_issyUITestsLaunchTests.swift in Sources */,
			);
			runOnlyForDeploymentPostprocessing = 0;
		};
/* End PBXSourcesBuildPhase section */

/* Begin PBXTargetDependency section */
		DF7485192839C14900B885A6 /* PBXTargetDependency */ = {
			isa = PBXTargetDependency;
			target = DF7485002839C14800B885A6 /* weather issy */;
			targetProxy = DF7485182839C14900B885A6 /* PBXContainerItemProxy */;
		};
		DF7485232839C14900B885A6 /* PBXTargetDependency */ = {
			isa = PBXTargetDependency;
			target = DF7485002839C14800B885A6 /* weather issy */;
			targetProxy = DF7485222839C14900B885A6 /* PBXContainerItemProxy */;
		};
/* End PBXTargetDependency section */

/* Begin PBXVariantGroup section */
		DF74850A2839C14800B885A6 /* Main.storyboard */ = {
			isa = PBXVariantGroup;
			children = (
				DF74850B2839C14800B885A6 /* Base */,
			);
			name = Main.storyboard;
			sourceTree = "<group>";
		};
		DF74850F2839C14900B885A6 /* LaunchScreen.storyboard */ = {
			isa = PBXVariantGroup;
			children = (
				DF7485102839C14900B885A6 /* Base */,
			);
			name = LaunchScreen.storyboard;
			sourceTree = "<group>";
		};
/* End PBXVariantGroup section */

/* Begin XCBuildConfiguration section */
		DF7485292839C14900B885A6 /* Debug */ = {
			isa = XCBuildConfiguration;
			buildSettings = {
				ALWAYS_SEARCH_USER_PATHS = NO;
				CLANG_ANALYZER_NONNULL = YES;
				CLANG_ANALYZER_NUMBER_OBJECT_CONVERSION = YES_AGGRESSIVE;
				CLANG_CXX_LANGUAGE_STANDARD = "gnu++17";
				CLANG_ENABLE_MODULES = YES;
				CLANG_ENABLE_OBJC_ARC = YES;
				CLANG_ENABLE_OBJC_WEAK = YES;
				CLANG_WARN_BLOCK_CAPTURE_AUTORELEASING = YES;
				CLANG_WARN_BOOL_CONVERSION = YES;
				CLANG_WARN_COMMA = YES;
				CLANG_WARN_CONSTANT_CONVERSION = YES;
				CLANG_WARN_DEPRECATED_OBJC_IMPLEMENTATIONS = YES;
				CLANG_WARN_DIRECT_OBJC_ISA_USAGE = YES_ERROR;
				CLANG_WARN_DOCUMENTATION_COMMENTS = YES;
				CLANG_WARN_EMPTY_BODY = YES;
				CLANG_WARN_ENUM_CONVERSION = YES;
				CLANG_WARN_INFINITE_RECURSION = YES;
				CLANG_WARN_INT_CONVERSION = YES;
				CLANG_WARN_NON_LITERAL_NULL_CONVERSION = YES;
				CLANG_WARN_OBJC_IMPLICIT_RETAIN_SELF = YES;
				CLANG_WARN_OBJC_LITERAL_CONVERSION = YES;
				CLANG_WARN_OBJC_ROOT_CLASS = YES_ERROR;
				CLANG_WARN_QUOTED_INCLUDE_IN_FRAMEWORK_HEADER = YES;
				CLANG_WARN_RANGE_LOOP_ANALYSIS = YES;
				CLANG_WARN_STRICT_PROTOTYPES = YES;
				CLANG_WARN_SUSPICIOUS_MOVE = YES;
				CLANG_WARN_UNGUARDED_AVAILABILITY = YES_AGGRESSIVE;
				CLANG_WARN_UNREACHABLE_CODE = YES;
				CLANG_WARN__DUPLICATE_METHOD_MATCH = YES;
				COPY_PHASE_STRIP = NO;
				DEBUG_INFORMATION_FORMAT = dwarf;
				ENABLE_STRICT_OBJC_MSGSEND = YES;
				ENABLE_TESTABILITY = YES;
				GCC_C_LANGUAGE_STANDARD = gnu11;
				GCC_DYNAMIC_NO_PIC = NO;
				GCC_NO_COMMON_BLOCKS = YES;
				GCC_OPTIMIZATION_LEVEL = 0;
				GCC_PREPROCESSOR_DEFINITIONS = (
					"DEBUG=1",
					"$(inherited)",
				);
				GCC_WARN_64_TO_32_BIT_CONVERSION = YES;
				GCC_WARN_ABOUT_RETURN_TYPE = YES_ERROR;
				GCC_WARN_UNDECLARED_SELECTOR = YES;
				GCC_WARN_UNINITIALIZED_AUTOS = YES_AGGRESSIVE;
				GCC_WARN_UNUSED_FUNCTION = YES;
				GCC_WARN_UNUSED_VARIABLE = YES;
				IPHONEOS_DEPLOYMENT_TARGET = 15.4;
				MTL_ENABLE_DEBUG_INFO = INCLUDE_SOURCE;
				MTL_FAST_MATH = YES;
				ONLY_ACTIVE_ARCH = YES;
				SDKROOT = iphoneos;
				SWIFT_ACTIVE_COMPILATION_CONDITIONS = DEBUG;
				SWIFT_OPTIMIZATION_LEVEL = "-Onone";
			};
			name = Debug;
		};
		DF74852A2839C14900B885A6 /* Release */ = {
			isa = XCBuildConfiguration;
			buildSettings = {
				ALWAYS_SEARCH_USER_PATHS = NO;
				CLANG_ANALYZER_NONNULL = YES;
				CLANG_ANALYZER_NUMBER_OBJECT_CONVERSION = YES_AGGRESSIVE;
				CLANG_CXX_LANGUAGE_STANDARD = "gnu++17";
				CLANG_ENABLE_MODULES = YES;
				CLANG_ENABLE_OBJC_ARC = YES;
				CLANG_ENABLE_OBJC_WEAK = YES;
				CLANG_WARN_BLOCK_CAPTURE_AUTORELEASING = YES;
				CLANG_WARN_BOOL_CONVERSION = YES;
				CLANG_WARN_COMMA = YES;
				CLANG_WARN_CONSTANT_CONVERSION = YES;
				CLANG_WARN_DEPRECATED_OBJC_IMPLEMENTATIONS = YES;
				CLANG_WARN_DIRECT_OBJC_ISA_USAGE = YES_ERROR;
				CLANG_WARN_DOCUMENTATION_COMMENTS = YES;
				CLANG_WARN_EMPTY_BODY = YES;
				CLANG_WARN_ENUM_CONVERSION = YES;
				CLANG_WARN_INFINITE_RECURSION = YES;
				CLANG_WARN_INT_CONVERSION = YES;
				CLANG_WARN_NON_LITERAL_NULL_CONVERSION = YES;
				CLANG_WARN_OBJC_IMPLICIT_RETAIN_SELF = YES;
				CLANG_WARN_OBJC_LITERAL_CONVERSION = YES;
				CLANG_WARN_OBJC_ROOT_CLASS = YES_ERROR;
				CLANG_WARN_QUOTED_INCLUDE_IN_FRAMEWORK_HEADER = YES;
				CLANG_WARN_RANGE_LOOP_ANALYSIS = YES;
				CLANG_WARN_STRICT_PROTOTYPES = YES;
				CLANG_WARN_SUSPICIOUS_MOVE = YES;
				CLANG_WARN_UNGUARDED_AVAILABILITY = YES_AGGRESSIVE;
				CLANG_WARN_UNREACHABLE_CODE = YES;
				CLANG_WARN__DUPLICATE_METHOD_MATCH = YES;
				COPY_PHASE_STRIP = NO;
				DEBUG_INFORMATION_FORMAT = "dwarf-with-dsym";
				ENABLE_NS_ASSERTIONS = NO;
				ENABLE_STRICT_OBJC_MSGSEND = YES;
				GCC_C_LANGUAGE_STANDARD = gnu11;
				GCC_NO_COMMON_BLOCKS = YES;
				GCC_WARN_64_TO_32_BIT_CONVERSION = YES;
				GCC_WARN_ABOUT_RETURN_TYPE = YES_ERROR;
				GCC_WARN_UNDECLARED_SELECTOR = YES;
				GCC_WARN_UNINITIALIZED_AUTOS = YES_AGGRESSIVE;
				GCC_WARN_UNUSED_FUNCTION = YES;
				GCC_WARN_UNUSED_VARIABLE = YES;
				IPHONEOS_DEPLOYMENT_TARGET = 15.4;
				MTL_ENABLE_DEBUG_INFO = NO;
				MTL_FAST_MATH = YES;
				SDKROOT = iphoneos;
				SWIFT_COMPILATION_MODE = wholemodule;
				SWIFT_OPTIMIZATION_LEVEL = "-O";
				VALIDATE_PRODUCT = YES;
			};
			name = Release;
		};
		DF74852C2839C14900B885A6 /* Debug */ = {
			isa = XCBuildConfiguration;
			baseConfigurationReference = 234B6C186CD8B51C60795615 /* Pods-weather issy.debug.xcconfig */;
			buildSettings = {
				ASSETCATALOG_COMPILER_APPICON_NAME = AppIcon;
				ASSETCATALOG_COMPILER_GLOBAL_ACCENT_COLOR_NAME = AccentColor;
				CODE_SIGN_STYLE = Automatic;
				CURRENT_PROJECT_VERSION = 1;
				DEVELOPMENT_TEAM = 42W6DSNN2P;
				GENERATE_INFOPLIST_FILE = YES;
				INFOPLIST_FILE = "weather issy/Info.plist";
				INFOPLIST_KEY_UIApplicationSupportsIndirectInputEvents = YES;
				INFOPLIST_KEY_UILaunchStoryboardName = LaunchScreen;
				INFOPLIST_KEY_UIMainStoryboardFile = Main;
				INFOPLIST_KEY_UISupportedInterfaceOrientations_iPad = "UIInterfaceOrientationPortrait UIInterfaceOrientationPortraitUpsideDown UIInterfaceOrientationLandscapeLeft UIInterfaceOrientationLandscapeRight";
				INFOPLIST_KEY_UISupportedInterfaceOrientations_iPhone = "UIInterfaceOrientationPortrait UIInterfaceOrientationLandscapeLeft UIInterfaceOrientationLandscapeRight";
				LD_RUNPATH_SEARCH_PATHS = (
					"$(inherited)",
					"@executable_path/Frameworks",
				);
				MARKETING_VERSION = 1.0;
				PRODUCT_BUNDLE_IDENTIFIER = "com.dreamCode.weather-issy";
				PRODUCT_NAME = "$(TARGET_NAME)";
				SWIFT_EMIT_LOC_STRINGS = YES;
				SWIFT_VERSION = 5.0;
				TARGETED_DEVICE_FAMILY = "1,2";
			};
			name = Debug;
		};
		DF74852D2839C14900B885A6 /* Release */ = {
			isa = XCBuildConfiguration;
			baseConfigurationReference = FF42D1EE5152AA94FDD836FD /* Pods-weather issy.release.xcconfig */;
			buildSettings = {
				ASSETCATALOG_COMPILER_APPICON_NAME = AppIcon;
				ASSETCATALOG_COMPILER_GLOBAL_ACCENT_COLOR_NAME = AccentColor;
				CODE_SIGN_STYLE = Automatic;
				CURRENT_PROJECT_VERSION = 1;
				DEVELOPMENT_TEAM = 42W6DSNN2P;
				GENERATE_INFOPLIST_FILE = YES;
				INFOPLIST_FILE = "weather issy/Info.plist";
				INFOPLIST_KEY_UIApplicationSupportsIndirectInputEvents = YES;
				INFOPLIST_KEY_UILaunchStoryboardName = LaunchScreen;
				INFOPLIST_KEY_UIMainStoryboardFile = Main;
				INFOPLIST_KEY_UISupportedInterfaceOrientations_iPad = "UIInterfaceOrientationPortrait UIInterfaceOrientationPortraitUpsideDown UIInterfaceOrientationLandscapeLeft UIInterfaceOrientationLandscapeRight";
				INFOPLIST_KEY_UISupportedInterfaceOrientations_iPhone = "UIInterfaceOrientationPortrait UIInterfaceOrientationLandscapeLeft UIInterfaceOrientationLandscapeRight";
				LD_RUNPATH_SEARCH_PATHS = (
					"$(inherited)",
					"@executable_path/Frameworks",
				);
				MARKETING_VERSION = 1.0;
				PRODUCT_BUNDLE_IDENTIFIER = "com.dreamCode.weather-issy";
				PRODUCT_NAME = "$(TARGET_NAME)";
				SWIFT_EMIT_LOC_STRINGS = YES;
				SWIFT_VERSION = 5.0;
				TARGETED_DEVICE_FAMILY = "1,2";
			};
			name = Release;
		};
		DF74852F2839C14900B885A6 /* Debug */ = {
			isa = XCBuildConfiguration;
			baseConfigurationReference = 012027252EF20E8D7A5AF6A9 /* Pods-weather issyTests.debug.xcconfig */;
			buildSettings = {
				ALWAYS_EMBED_SWIFT_STANDARD_LIBRARIES = YES;
				BUNDLE_LOADER = "$(TEST_HOST)";
				CODE_SIGN_STYLE = Automatic;
				CURRENT_PROJECT_VERSION = 1;
				DEVELOPMENT_TEAM = 42W6DSNN2P;
				GENERATE_INFOPLIST_FILE = YES;
				IPHONEOS_DEPLOYMENT_TARGET = 15.4;
				MARKETING_VERSION = 1.0;
				PRODUCT_BUNDLE_IDENTIFIER = "com.dreamCode.weather-issyTests";
				PRODUCT_NAME = "$(TARGET_NAME)";
				SWIFT_EMIT_LOC_STRINGS = NO;
				SWIFT_VERSION = 5.0;
				TARGETED_DEVICE_FAMILY = "1,2";
				TEST_HOST = "$(BUILT_PRODUCTS_DIR)/weather issy.app/weather issy";
			};
			name = Debug;
		};
		DF7485302839C14900B885A6 /* Release */ = {
			isa = XCBuildConfiguration;
			baseConfigurationReference = F7C67FD6750F2BE59AABF08D /* Pods-weather issyTests.release.xcconfig */;
			buildSettings = {
				ALWAYS_EMBED_SWIFT_STANDARD_LIBRARIES = YES;
				BUNDLE_LOADER = "$(TEST_HOST)";
				CODE_SIGN_STYLE = Automatic;
				CURRENT_PROJECT_VERSION = 1;
				DEVELOPMENT_TEAM = 42W6DSNN2P;
				GENERATE_INFOPLIST_FILE = YES;
				IPHONEOS_DEPLOYMENT_TARGET = 15.4;
				MARKETING_VERSION = 1.0;
				PRODUCT_BUNDLE_IDENTIFIER = "com.dreamCode.weather-issyTests";
				PRODUCT_NAME = "$(TARGET_NAME)";
				SWIFT_EMIT_LOC_STRINGS = NO;
				SWIFT_VERSION = 5.0;
				TARGETED_DEVICE_FAMILY = "1,2";
				TEST_HOST = "$(BUILT_PRODUCTS_DIR)/weather issy.app/weather issy";
			};
			name = Release;
		};
		DF7485322839C14900B885A6 /* Debug */ = {
			isa = XCBuildConfiguration;
			baseConfigurationReference = 253C46B63A99140D22459B85 /* Pods-weather issy-weather issyUITests.debug.xcconfig */;
			buildSettings = {
				ALWAYS_EMBED_SWIFT_STANDARD_LIBRARIES = YES;
				CODE_SIGN_STYLE = Automatic;
				CURRENT_PROJECT_VERSION = 1;
				DEVELOPMENT_TEAM = 42W6DSNN2P;
				GENERATE_INFOPLIST_FILE = YES;
				MARKETING_VERSION = 1.0;
				PRODUCT_BUNDLE_IDENTIFIER = "com.dreamCode.weather-issyUITests";
				PRODUCT_NAME = "$(TARGET_NAME)";
				SWIFT_EMIT_LOC_STRINGS = NO;
				SWIFT_VERSION = 5.0;
				TARGETED_DEVICE_FAMILY = "1,2";
				TEST_TARGET_NAME = "weather issy";
			};
			name = Debug;
		};
		DF7485332839C14900B885A6 /* Release */ = {
			isa = XCBuildConfiguration;
			baseConfigurationReference = BD863E6ECF2E303950CC5C5D /* Pods-weather issy-weather issyUITests.release.xcconfig */;
			buildSettings = {
				ALWAYS_EMBED_SWIFT_STANDARD_LIBRARIES = YES;
				CODE_SIGN_STYLE = Automatic;
				CURRENT_PROJECT_VERSION = 1;
				DEVELOPMENT_TEAM = 42W6DSNN2P;
				GENERATE_INFOPLIST_FILE = YES;
				MARKETING_VERSION = 1.0;
				PRODUCT_BUNDLE_IDENTIFIER = "com.dreamCode.weather-issyUITests";
				PRODUCT_NAME = "$(TARGET_NAME)";
				SWIFT_EMIT_LOC_STRINGS = NO;
				SWIFT_VERSION = 5.0;
				TARGETED_DEVICE_FAMILY = "1,2";
				TEST_TARGET_NAME = "weather issy";
			};
			name = Release;
		};
/* End XCBuildConfiguration section */

/* Begin XCConfigurationList section */
		DF7484FC2839C14800B885A6 /* Build configuration list for PBXProject "weather issy" */ = {
			isa = XCConfigurationList;
			buildConfigurations = (
				DF7485292839C14900B885A6 /* Debug */,
				DF74852A2839C14900B885A6 /* Release */,
			);
			defaultConfigurationIsVisible = 0;
			defaultConfigurationName = Release;
		};
		DF74852B2839C14900B885A6 /* Build configuration list for PBXNativeTarget "weather issy" */ = {
			isa = XCConfigurationList;
			buildConfigurations = (
				DF74852C2839C14900B885A6 /* Debug */,
				DF74852D2839C14900B885A6 /* Release */,
			);
			defaultConfigurationIsVisible = 0;
			defaultConfigurationName = Release;
		};
		DF74852E2839C14900B885A6 /* Build configuration list for PBXNativeTarget "weather issyTests" */ = {
			isa = XCConfigurationList;
			buildConfigurations = (
				DF74852F2839C14900B885A6 /* Debug */,
				DF7485302839C14900B885A6 /* Release */,
			);
			defaultConfigurationIsVisible = 0;
			defaultConfigurationName = Release;
		};
		DF7485312839C14900B885A6 /* Build configuration list for PBXNativeTarget "weather issyUITests" */ = {
			isa = XCConfigurationList;
			buildConfigurations = (
				DF7485322839C14900B885A6 /* Debug */,
				DF7485332839C14900B885A6 /* Release */,
			);
			defaultConfigurationIsVisible = 0;
			defaultConfigurationName = Release;
		};
/* End XCConfigurationList section */
	};
	rootObject = DF7484F92839C14800B885A6 /* Project object */;
}
